
Microsoft Visual Studio Solution File, Format Version 12.00
# Visual Studio Version 17
VisualStudioVersion = 17.5.002.0
MinimumVisualStudioVersion = 10.0.40219.1
Project("{9A19103F-16F7-4668-BE54-9A1E7A4F7556}") = "PlexLocalScan.Data", "PlexLocalScan.Data\PlexLocalScan.Data.csproj", "{D1859793-9DEC-4989-8518-6B1BA1DE6453}"
EndProject
Project("{9A19103F-16F7-4668-BE54-9A1E7A4F7556}") = "PlexLocalScan.Shared", "PlexLocalScan.Shared\PlexLocalScan.Shared.csproj", "{0003EA60-7B7B-49F5-AC4F-BF7578B2262A}"
EndProject
Project("{9A19103F-16F7-4668-BE54-9A1E7A4F7556}") = "PlexLocalScan.Api", "PlexLocalScan.Api\PlexLocalScan.Api.csproj", "{BF137365-971C-4282-9035-280442C48905}"
	ProjectSection(ProjectDependencies) = postProject
		{1DFE9B28-21F9-472D-89E7-13D5DCF40352} = {1DFE9B28-21F9-472D-89E7-13D5DCF40352}
		{6D5090D6-DC1F-4D39-910A-63A709ED110B} = {6D5090D6-DC1F-4D39-910A-63A709ED110B}
		{D1859793-9DEC-4989-8518-6B1BA1DE6453} = {D1859793-9DEC-4989-8518-6B1BA1DE6453}
		{D307DCE1-33ED-41A4-99A4-BAE2E25FA874} = {D307DCE1-33ED-41A4-99A4-BAE2E25FA874}
	EndProjectSection
EndProject
Project("{FAE04EC0-301F-11D3-BF4B-00C04F79EFBC}") = "PlexLocalScan.FileTracking", "PlexLocalScan.FileTracking\PlexLocalScan.FileTracking.csproj", "{D307DCE1-33ED-41A4-99A4-BAE2E25FA874}"
EndProject
Project("{FAE04EC0-301F-11D3-BF4B-00C04F79EFBC}") = "PlexLocalScan.Core", "PlexLocalScan.Core\PlexLocalScan.Core.csproj", "{1DFE9B28-21F9-472D-89E7-13D5DCF40352}"
EndProject
Project("{FAE04EC0-301F-11D3-BF4B-00C04F79EFBC}") = "PlexLocalScan.SignalR", "PlexLocalScan.SignalR\PlexLocalScan.SignalR.csproj", "{7E34AD7A-4ECB-49F5-BBFA-74D65F6325F7}"
EndProject
Project("{FAE04EC0-301F-11D3-BF4B-00C04F79EFBC}") = "PlexLocalScan.Abstractions", "PlexLocalScan.Abstractions\PlexLocalScan.Abstractions.csproj", "{6D5090D6-DC1F-4D39-910A-63A709ED110B}"
EndProject
Project("{2150E333-8FDC-42A3-9474-1A3956D46DE8}") = "Solution Items", "Solution Items", "{02EA681E-C7D8-13C7-8484-4AC65E1B71E8}"
	ProjectSection(SolutionItems) = preProject
		.editorconfig = .editorconfig
		Directory.Build.props = Directory.Build.props
		Directory.Packages.props = Directory.Packages.props
	EndProjectSection
EndProject
Global
	GlobalSection(SolutionConfigurationPlatforms) = preSolution
		Debug|Any CPU = Debug|Any CPU
		Release|Any CPU = Release|Any CPU
	EndGlobalSection
	GlobalSection(ProjectConfigurationPlatforms) = postSolution
		{D1859793-9DEC-4989-8518-6B1BA1DE6453}.Debug|Any CPU.ActiveCfg = Debug|Any CPU
		{D1859793-9DEC-4989-8518-6B1BA1DE6453}.Debug|Any CPU.Build.0 = Debug|Any CPU
		{D1859793-9DEC-4989-8518-6B1BA1DE6453}.Release|Any CPU.ActiveCfg = Release|Any CPU
		{D1859793-9DEC-4989-8518-6B1BA1DE6453}.Release|Any CPU.Build.0 = Release|Any CPU
		{0003EA60-7B7B-49F5-AC4F-BF7578B2262A}.Debug|Any CPU.ActiveCfg = Debug|Any CPU
		{0003EA60-7B7B-49F5-AC4F-BF7578B2262A}.Debug|Any CPU.Build.0 = Debug|Any CPU
		{0003EA60-7B7B-49F5-AC4F-BF7578B2262A}.Release|Any CPU.ActiveCfg = Release|Any CPU
		{0003EA60-7B7B-49F5-AC4F-BF7578B2262A}.Release|Any CPU.Build.0 = Release|Any CPU
		{BF137365-971C-4282-9035-280442C48905}.Debug|Any CPU.ActiveCfg = Debug|Any CPU
		{BF137365-971C-4282-9035-280442C48905}.Debug|Any CPU.Build.0 = Debug|Any CPU
		{BF137365-971C-4282-9035-280442C48905}.Release|Any CPU.ActiveCfg = Release|Any CPU
		{BF137365-971C-4282-9035-280442C48905}.Release|Any CPU.Build.0 = Release|Any CPU
		{D307DCE1-33ED-41A4-99A4-BAE2E25FA874}.Debug|Any CPU.ActiveCfg = Debug|Any CPU
		{D307DCE1-33ED-41A4-99A4-BAE2E25FA874}.Debug|Any CPU.Build.0 = Debug|Any CPU
		{D307DCE1-33ED-41A4-99A4-BAE2E25FA874}.Release|Any CPU.ActiveCfg = Release|Any CPU
		{D307DCE1-33ED-41A4-99A4-BAE2E25FA874}.Release|Any CPU.Build.0 = Release|Any CPU
		{1DFE9B28-21F9-472D-89E7-13D5DCF40352}.Debug|Any CPU.ActiveCfg = Debug|Any CPU
		{1DFE9B28-21F9-472D-89E7-13D5DCF40352}.Debug|Any CPU.Build.0 = Debug|Any CPU
		{1DFE9B28-21F9-472D-89E7-13D5DCF40352}.Release|Any CPU.ActiveCfg = Release|Any CPU
		{1DFE9B28-21F9-472D-89E7-13D5DCF40352}.Release|Any CPU.Build.0 = Release|Any CPU
		{7E34AD7A-4ECB-49F5-BBFA-74D65F6325F7}.Debug|Any CPU.ActiveCfg = Debug|Any CPU
		{7E34AD7A-4ECB-49F5-BBFA-74D65F6325F7}.Debug|Any CPU.Build.0 = Debug|Any CPU
		{7E34AD7A-4ECB-49F5-BBFA-74D65F6325F7}.Release|Any CPU.ActiveCfg = Release|Any CPU
		{7E34AD7A-4ECB-49F5-BBFA-74D65F6325F7}.Release|Any CPU.Build.0 = Release|Any CPU
		{6D5090D6-DC1F-4D39-910A-63A709ED110B}.Debug|Any CPU.ActiveCfg = Debug|Any CPU
		{6D5090D6-DC1F-4D39-910A-63A709ED110B}.Debug|Any CPU.Build.0 = Debug|Any CPU
		{6D5090D6-DC1F-4D39-910A-63A709ED110B}.Release|Any CPU.ActiveCfg = Release|Any CPU
		{6D5090D6-DC1F-4D39-910A-63A709ED110B}.Release|Any CPU.Build.0 = Release|Any CPU
	EndGlobalSection
	GlobalSection(SolutionProperties) = preSolution
		HideSolutionNode = FALSE
	EndGlobalSection
	GlobalSection(ExtensibilityGlobals) = postSolution
		SolutionGuid = {EBB89AC5-CD0E-4890-8092-8F7E348119BD}
	EndGlobalSection
EndGlobal
